
Microsoft Visual Studio Solution File, Format Version 12.00
# Visual Studio 15
VisualStudioVersion = 15.0.27703.1
MinimumVisualStudioVersion = 10.0.40219.1
Project("{FAE04EC0-301F-11D3-BF4B-00C04F79EFBC}") = "RobotCleaner", "RobotCleaner\RobotCleaner.csproj", "{F4A98089-119C-4078-A73C-9D7AF2405429}"
EndProject
Global
	GlobalSection(SolutionConfigurationPlatforms) = preSolution
		Debug|Any CPU = Debug|Any CPU
		Release|Any CPU = Release|Any CPU
	EndGlobalSection
	GlobalSection(ProjectConfigurationPlatforms) = postSolution
		{F4A98089-119C-4078-A73C-9D7AF2405429}.Debug|Any CPU.ActiveCfg = Debug|Any CPU
		{F4A98089-119C-4078-A73C-9D7AF2405429}.Debug|Any CPU.Build.0 = Debug|Any CPU
		{F4A98089-119C-4078-A73C-9D7AF2405429}.Release|Any CPU.ActiveCfg = Release|Any CPU
		{F4A98089-119C-4078-A73C-9D7AF2405429}.Release|Any CPU.Build.0 = Release|Any CPU
	EndGlobalSection
	GlobalSection(SolutionProperties) = preSolution
		HideSolutionNode = FALSE
	EndGlobalSection
	GlobalSection(ExtensibilityGlobals) = postSolution
		SolutionGuid = {E8CBBE7F-FA40-43FD-BF02-7850F5552311}
	EndGlobalSection
EndGlobal
